// !$*UTF8*$!
{
	archiveVersion = 1;
	classes = {
	};
	objectVersion = 50;
	objects = {

/* Begin PBXBuildFile section */
		8C07961C24EA42CF00C2BE2E /* AppDelegate.swift in Sources */ = {isa = PBXBuildFile; fileRef = 8C07961B24EA42CF00C2BE2E /* AppDelegate.swift */; };
		8C07961E24EA42CF00C2BE2E /* SceneDelegate.swift in Sources */ = {isa = PBXBuildFile; fileRef = 8C07961D24EA42CF00C2BE2E /* SceneDelegate.swift */; };
		8C07962324EA42CF00C2BE2E /* Main.storyboard in Resources */ = {isa = PBXBuildFile; fileRef = 8C07962124EA42CF00C2BE2E /* Main.storyboard */; };
		8C07962524EA42D800C2BE2E /* Assets.xcassets in Resources */ = {isa = PBXBuildFile; fileRef = 8C07962424EA42D800C2BE2E /* Assets.xcassets */; };
		8C07962824EA42D800C2BE2E /* LaunchScreen.storyboard in Resources */ = {isa = PBXBuildFile; fileRef = 8C07962624EA42D800C2BE2E /* LaunchScreen.storyboard */; };
		8C07963124EA4A6E00C2BE2E /* SearchUserViewController.swift in Sources */ = {isa = PBXBuildFile; fileRef = 8C07963024EA4A6E00C2BE2E /* SearchUserViewController.swift */; };
		8C07963424EA4EA000C2BE2E /* UserDetailViewController.swift in Sources */ = {isa = PBXBuildFile; fileRef = 8C07963324EA4EA000C2BE2E /* UserDetailViewController.swift */; };
		8C07963D24EA5C5C00C2BE2E /* UserCell.swift in Sources */ = {isa = PBXBuildFile; fileRef = 8C07963B24EA5C5C00C2BE2E /* UserCell.swift */; };
		8C07963E24EA5C5C00C2BE2E /* UserCell.xib in Resources */ = {isa = PBXBuildFile; fileRef = 8C07963C24EA5C5C00C2BE2E /* UserCell.xib */; };
/* End PBXBuildFile section */

/* Begin PBXFileReference section */
		8C07961824EA42CF00C2BE2E /* MVPSample.app */ = {isa = PBXFileReference; explicitFileType = wrapper.application; includeInIndex = 0; path = MVPSample.app; sourceTree = BUILT_PRODUCTS_DIR; };
		8C07961B24EA42CF00C2BE2E /* AppDelegate.swift */ = {isa = PBXFileReference; lastKnownFileType = sourcecode.swift; path = AppDelegate.swift; sourceTree = "<group>"; };
		8C07961D24EA42CF00C2BE2E /* SceneDelegate.swift */ = {isa = PBXFileReference; lastKnownFileType = sourcecode.swift; path = SceneDelegate.swift; sourceTree = "<group>"; };
		8C07962224EA42CF00C2BE2E /* Base */ = {isa = PBXFileReference; lastKnownFileType = file.storyboard; name = Base; path = Base.lproj/Main.storyboard; sourceTree = "<group>"; };
		8C07962424EA42D800C2BE2E /* Assets.xcassets */ = {isa = PBXFileReference; lastKnownFileType = folder.assetcatalog; path = Assets.xcassets; sourceTree = "<group>"; };
		8C07962724EA42D800C2BE2E /* Base */ = {isa = PBXFileReference; lastKnownFileType = file.storyboard; name = Base; path = Base.lproj/LaunchScreen.storyboard; sourceTree = "<group>"; };
		8C07962924EA42D800C2BE2E /* Info.plist */ = {isa = PBXFileReference; lastKnownFileType = text.plist.xml; path = Info.plist; sourceTree = "<group>"; };
		8C07963024EA4A6E00C2BE2E /* SearchUserViewController.swift */ = {isa = PBXFileReference; lastKnownFileType = sourcecode.swift; path = SearchUserViewController.swift; sourceTree = "<group>"; };
		8C07963324EA4EA000C2BE2E /* UserDetailViewController.swift */ = {isa = PBXFileReference; lastKnownFileType = sourcecode.swift; path = UserDetailViewController.swift; sourceTree = "<group>"; };
		8C07963B24EA5C5C00C2BE2E /* UserCell.swift */ = {isa = PBXFileReference; lastKnownFileType = sourcecode.swift; path = UserCell.swift; sourceTree = "<group>"; };
		8C07963C24EA5C5C00C2BE2E /* UserCell.xib */ = {isa = PBXFileReference; lastKnownFileType = file.xib; path = UserCell.xib; sourceTree = "<group>"; };
/* End PBXFileReference section */

/* Begin PBXFrameworksBuildPhase section */
		8C07961524EA42CF00C2BE2E /* Frameworks */ = {
			isa = PBXFrameworksBuildPhase;
			buildActionMask = 2147483647;
			files = (
			);
			runOnlyForDeploymentPostprocessing = 0;
		};
/* End PBXFrameworksBuildPhase section */

/* Begin PBXGroup section */
		8C07960F24EA42CF00C2BE2E = {
			isa = PBXGroup;
			children = (
				8C07961A24EA42CF00C2BE2E /* MVPSample */,
				8C07961924EA42CF00C2BE2E /* Products */,
			);
			sourceTree = "<group>";
		};
		8C07961924EA42CF00C2BE2E /* Products */ = {
			isa = PBXGroup;
			children = (
				8C07961824EA42CF00C2BE2E /* MVPSample.app */,
			);
			name = Products;
			sourceTree = "<group>";
		};
		8C07961A24EA42CF00C2BE2E /* MVPSample */ = {
			isa = PBXGroup;
			children = (
				8C07963224EA4E8600C2BE2E /* UserDetail */,
				8C07962F24EA49F300C2BE2E /* SearchUser */,
				8C07961B24EA42CF00C2BE2E /* AppDelegate.swift */,
				8C07961D24EA42CF00C2BE2E /* SceneDelegate.swift */,
				8C07962124EA42CF00C2BE2E /* Main.storyboard */,
				8C07962424EA42D800C2BE2E /* Assets.xcassets */,
				8C07962624EA42D800C2BE2E /* LaunchScreen.storyboard */,
				8C07962924EA42D800C2BE2E /* Info.plist */,
				8C07963B24EA5C5C00C2BE2E /* UserCell.swift */,
				8C07963C24EA5C5C00C2BE2E /* UserCell.xib */,
			);
			path = MVPSample;
			sourceTree = "<group>";
		};
		8C07962F24EA49F300C2BE2E /* SearchUser */ = {
			isa = PBXGroup;
			children = (
				8C07963024EA4A6E00C2BE2E /* SearchUserViewController.swift */,
			);
			path = SearchUser;
			sourceTree = "<group>";
		};
		8C07963224EA4E8600C2BE2E /* UserDetail */ = {
			isa = PBXGroup;
			children = (
				8C07963324EA4EA000C2BE2E /* UserDetailViewController.swift */,
			);
			path = UserDetail;
			sourceTree = "<group>";
		};
/* End PBXGroup section */

/* Begin PBXNativeTarget section */
		8C07961724EA42CF00C2BE2E /* MVPSample */ = {
			isa = PBXNativeTarget;
			buildConfigurationList = 8C07962C24EA42D800C2BE2E /* Build configuration list for PBXNativeTarget "MVPSample" */;
			buildPhases = (
				8C07961424EA42CF00C2BE2E /* Sources */,
				8C07961524EA42CF00C2BE2E /* Frameworks */,
				8C07961624EA42CF00C2BE2E /* Resources */,
			);
			buildRules = (
			);
			dependencies = (
			);
			name = MVPSample;
			productName = MVPSample;
			productReference = 8C07961824EA42CF00C2BE2E /* MVPSample.app */;
			productType = "com.apple.product-type.application";
		};
/* End PBXNativeTarget section */

/* Begin PBXProject section */
		8C07961024EA42CF00C2BE2E /* Project object */ = {
			isa = PBXProject;
			attributes = {
				LastSwiftUpdateCheck = 1130;
				LastUpgradeCheck = 1130;
				ORGANIZATIONNAME = nishitaku;
				TargetAttributes = {
					8C07961724EA42CF00C2BE2E = {
						CreatedOnToolsVersion = 11.3;
					};
				};
			};
			buildConfigurationList = 8C07961324EA42CF00C2BE2E /* Build configuration list for PBXProject "MVPSample" */;
			compatibilityVersion = "Xcode 9.3";
			developmentRegion = en;
			hasScannedForEncodings = 0;
			knownRegions = (
				en,
				Base,
			);
			mainGroup = 8C07960F24EA42CF00C2BE2E;
			productRefGroup = 8C07961924EA42CF00C2BE2E /* Products */;
			projectDirPath = "";
			projectRoot = "";
			targets = (
				8C07961724EA42CF00C2BE2E /* MVPSample */,
			);
		};
/* End PBXProject section */

/* Begin PBXResourcesBuildPhase section */
		8C07961624EA42CF00C2BE2E /* Resources */ = {
			isa = PBXResourcesBuildPhase;
			buildActionMask = 2147483647;
			files = (
				8C07963E24EA5C5C00C2BE2E /* UserCell.xib in Resources */,
				8C07962824EA42D800C2BE2E /* LaunchScreen.storyboard in Resources */,
				8C07962524EA42D800C2BE2E /* Assets.xcassets in Resources */,
				8C07962324EA42CF00C2BE2E /* Main.storyboard in Resources */,
			);
			runOnlyForDeploymentPostprocessing = 0;
		};
/* End PBXResourcesBuildPhase section */

/* Begin PBXSourcesBuildPhase section */
		8C07961424EA42CF00C2BE2E /* Sources */ = {
			isa = PBXSourcesBuildPhase;
			buildActionMask = 2147483647;
			files = (
				8C07963124EA4A6E00C2BE2E /* SearchUserViewController.swift in Sources */,
				8C07961C24EA42CF00C2BE2E /* AppDelegate.swift in Sources */,
				8C07963424EA4EA000C2BE2E /* UserDetailViewController.swift in Sources */,
				8C07963D24EA5C5C00C2BE2E /* UserCell.swift in Sources */,
				8C07961E24EA42CF00C2BE2E /* SceneDelegate.swift in Sources */,
			);
			runOnlyForDeploymentPostprocessing = 0;
		};
/* End PBXSourcesBuildPhase section */

/* Begin PBXVariantGroup section */
		8C07962124EA42CF00C2BE2E /* Main.storyboard */ = {
			isa = PBXVariantGroup;
			children = (
				8C07962224EA42CF00C2BE2E /* Base */,
			);
			name = Main.storyboard;
			sourceTree = "<group>";
		};
		8C07962624EA42D800C2BE2E /* LaunchScreen.storyboard */ = {
			isa = PBXVariantGroup;
			children = (
				8C07962724EA42D800C2BE2E /* Base */,
			);
			name = LaunchScreen.storyboard;
			sourceTree = "<group>";
		};
/* End PBXVariantGroup section */

/* Begin XCBuildConfiguration section */
		8C07962A24EA42D800C2BE2E /* Debug */ = {
			isa = XCBuildConfiguration;
			buildSettings = {
				ALWAYS_SEARCH_USER_PATHS = NO;
				CLANG_ANALYZER_NONNULL = YES;
				CLANG_ANALYZER_NUMBER_OBJECT_CONVERSION = YES_AGGRESSIVE;
				CLANG_CXX_LANGUAGE_STANDARD = "gnu++14";
				CLANG_CXX_LIBRARY = "libc++";
				CLANG_ENABLE_MODULES = YES;
				CLANG_ENABLE_OBJC_ARC = YES;
				CLANG_ENABLE_OBJC_WEAK = YES;
				CLANG_WARN_BLOCK_CAPTURE_AUTORELEASING = YES;
				CLANG_WARN_BOOL_CONVERSION = YES;
				CLANG_WARN_COMMA = YES;
				CLANG_WARN_CONSTANT_CONVERSION = YES;
				CLANG_WARN_DEPRECATED_OBJC_IMPLEMENTATIONS = YES;
				CLANG_WARN_DIRECT_OBJC_ISA_USAGE = YES_ERROR;
				CLANG_WARN_DOCUMENTATION_COMMENTS = YES;
				CLANG_WARN_EMPTY_BODY = YES;
				CLANG_WARN_ENUM_CONVERSION = YES;
				CLANG_WARN_INFINITE_RECURSION = YES;
				CLANG_WARN_INT_CONVERSION = YES;
				CLANG_WARN_NON_LITERAL_NULL_CONVERSION = YES;
				CLANG_WARN_OBJC_IMPLICIT_RETAIN_SELF = YES;
				CLANG_WARN_OBJC_LITERAL_CONVERSION = YES;
				CLANG_WARN_OBJC_ROOT_CLASS = YES_ERROR;
				CLANG_WARN_RANGE_LOOP_ANALYSIS = YES;
				CLANG_WARN_STRICT_PROTOTYPES = YES;
				CLANG_WARN_SUSPICIOUS_MOVE = YES;
				CLANG_WARN_UNGUARDED_AVAILABILITY = YES_AGGRESSIVE;
				CLANG_WARN_UNREACHABLE_CODE = YES;
				CLANG_WARN__DUPLICATE_METHOD_MATCH = YES;
				COPY_PHASE_STRIP = NO;
				DEBUG_INFORMATION_FORMAT = dwarf;
				ENABLE_STRICT_OBJC_MSGSEND = YES;
				ENABLE_TESTABILITY = YES;
				GCC_C_LANGUAGE_STANDARD = gnu11;
				GCC_DYNAMIC_NO_PIC = NO;
				GCC_NO_COMMON_BLOCKS = YES;
				GCC_OPTIMIZATION_LEVEL = 0;
				GCC_PREPROCESSOR_DEFINITIONS = (
					"DEBUG=1",
					"$(inherited)",
				);
				GCC_WARN_64_TO_32_BIT_CONVERSION = YES;
				GCC_WARN_ABOUT_RETURN_TYPE = YES_ERROR;
				GCC_WARN_UNDECLARED_SELECTOR = YES;
				GCC_WARN_UNINITIALIZED_AUTOS = YES_AGGRESSIVE;
				GCC_WARN_UNUSED_FUNCTION = YES;
				GCC_WARN_UNUSED_VARIABLE = YES;
				IPHONEOS_DEPLOYMENT_TARGET = 13.2;
				MTL_ENABLE_DEBUG_INFO = INCLUDE_SOURCE;
				MTL_FAST_MATH = YES;
				ONLY_ACTIVE_ARCH = YES;
				SDKROOT = iphoneos;
				SWIFT_ACTIVE_COMPILATION_CONDITIONS = DEBUG;
				SWIFT_OPTIMIZATION_LEVEL = "-Onone";
			};
			name = Debug;
		};
		8C07962B24EA42D800C2BE2E /* Release */ = {
			isa = XCBuildConfiguration;
			buildSettings = {
				ALWAYS_SEARCH_USER_PATHS = NO;
				CLANG_ANALYZER_NONNULL = YES;
				CLANG_ANALYZER_NUMBER_OBJECT_CONVERSION = YES_AGGRESSIVE;
				CLANG_CXX_LANGUAGE_STANDARD = "gnu++14";
				CLANG_CXX_LIBRARY = "libc++";
				CLANG_ENABLE_MODULES = YES;
				CLANG_ENABLE_OBJC_ARC = YES;
				CLANG_ENABLE_OBJC_WEAK = YES;
				CLANG_WARN_BLOCK_CAPTURE_AUTORELEASING = YES;
				CLANG_WARN_BOOL_CONVERSION = YES;
				CLANG_WARN_COMMA = YES;
				CLANG_WARN_CONSTANT_CONVERSION = YES;
				CLANG_WARN_DEPRECATED_OBJC_IMPLEMENTATIONS = YES;
				CLANG_WARN_DIRECT_OBJC_ISA_USAGE = YES_ERROR;
				CLANG_WARN_DOCUMENTATION_COMMENTS = YES;
				CLANG_WARN_EMPTY_BODY = YES;
				CLANG_WARN_ENUM_CONVERSION = YES;
				CLANG_WARN_INFINITE_RECURSION = YES;
				CLANG_WARN_INT_CONVERSION = YES;
				CLANG_WARN_NON_LITERAL_NULL_CONVERSION = YES;
				CLANG_WARN_OBJC_IMPLICIT_RETAIN_SELF = YES;
				CLANG_WARN_OBJC_LITERAL_CONVERSION = YES;
				CLANG_WARN_OBJC_ROOT_CLASS = YES_ERROR;
				CLANG_WARN_RANGE_LOOP_ANALYSIS = YES;
				CLANG_WARN_STRICT_PROTOTYPES = YES;
				CLANG_WARN_SUSPICIOUS_MOVE = YES;
				CLANG_WARN_UNGUARDED_AVAILABILITY = YES_AGGRESSIVE;
				CLANG_WARN_UNREACHABLE_CODE = YES;
				CLANG_WARN__DUPLICATE_METHOD_MATCH = YES;
				COPY_PHASE_STRIP = NO;
				DEBUG_INFORMATION_FORMAT = "dwarf-with-dsym";
				ENABLE_NS_ASSERTIONS = NO;
				ENABLE_STRICT_OBJC_MSGSEND = YES;
				GCC_C_LANGUAGE_STANDARD = gnu11;
				GCC_NO_COMMON_BLOCKS = YES;
				GCC_WARN_64_TO_32_BIT_CONVERSION = YES;
				GCC_WARN_ABOUT_RETURN_TYPE = YES_ERROR;
				GCC_WARN_UNDECLARED_SELECTOR = YES;
				GCC_WARN_UNINITIALIZED_AUTOS = YES_AGGRESSIVE;
				GCC_WARN_UNUSED_FUNCTION = YES;
				GCC_WARN_UNUSED_VARIABLE = YES;
				IPHONEOS_DEPLOYMENT_TARGET = 13.2;
				MTL_ENABLE_DEBUG_INFO = NO;
				MTL_FAST_MATH = YES;
				SDKROOT = iphoneos;
				SWIFT_COMPILATION_MODE = wholemodule;
				SWIFT_OPTIMIZATION_LEVEL = "-O";
				VALIDATE_PRODUCT = YES;
			};
			name = Release;
		};
		8C07962D24EA42D800C2BE2E /* Debug */ = {
			isa = XCBuildConfiguration;
			buildSettings = {
				ASSETCATALOG_COMPILER_APPICON_NAME = AppIcon;
				CODE_SIGN_STYLE = Automatic;
				INFOPLIST_FILE = MVPSample/Info.plist;
				IPHONEOS_DEPLOYMENT_TARGET = 13.2;
				LD_RUNPATH_SEARCH_PATHS = (
					"$(inherited)",
					"@executable_path/Frameworks",
				);
				PRODUCT_BUNDLE_IDENTIFIER = nishitaku.MVPSample;
				PRODUCT_NAME = "$(TARGET_NAME)";
				SWIFT_VERSION = 5.0;
				TARGETED_DEVICE_FAMILY = "1,2";
			};
			name = Debug;
		};
		8C07962E24EA42D800C2BE2E /* Release */ = {
			isa = XCBuildConfiguration;
			buildSettings = {
				ASSETCATALOG_COMPILER_APPICON_NAME = AppIcon;
				CODE_SIGN_STYLE = Automatic;
				INFOPLIST_FILE = MVPSample/Info.plist;
				IPHONEOS_DEPLOYMENT_TARGET = 13.2;
				LD_RUNPATH_SEARCH_PATHS = (
					"$(inherited)",
					"@executable_path/Frameworks",
				);
				PRODUCT_BUNDLE_IDENTIFIER = nishitaku.MVPSample;
				PRODUCT_NAME = "$(TARGET_NAME)";
				SWIFT_VERSION = 5.0;
				TARGETED_DEVICE_FAMILY = "1,2";
			};
			name = Release;
		};
/* End XCBuildConfiguration section */

/* Begin XCConfigurationList section */
		8C07961324EA42CF00C2BE2E /* Build configuration list for PBXProject "MVPSample" */ = {
			isa = XCConfigurationList;
			buildConfigurations = (
				8C07962A24EA42D800C2BE2E /* Debug */,
				8C07962B24EA42D800C2BE2E /* Release */,
			);
			defaultConfigurationIsVisible = 0;
			defaultConfigurationName = Release;
		};
		8C07962C24EA42D800C2BE2E /* Build configuration list for PBXNativeTarget "MVPSample" */ = {
			isa = XCConfigurationList;
			buildConfigurations = (
				8C07962D24EA42D800C2BE2E /* Debug */,
				8C07962E24EA42D800C2BE2E /* Release */,
			);
			defaultConfigurationIsVisible = 0;
			defaultConfigurationName = Release;
		};
/* End XCConfigurationList section */
	};
	rootObject = 8C07961024EA42CF00C2BE2E /* Project object */;
}
